
Microsoft Visual Studio Solution File, Format Version 12.00
# Visual Studio Version 17
VisualStudioVersion = 17.10.35027.167
MinimumVisualStudioVersion = 10.0.40219.1
Project("{FAE04EC0-301F-11D3-BF4B-00C04F79EFBC}") = "MiniProject", "MiniProject\MiniProject.csproj", "{E84779A7-7DF7-4CCE-9A1B-9B2C990AC53D}"
EndProject
Global
	GlobalSection(SolutionConfigurationPlatforms) = preSolution
		Debug|Any CPU = Debug|Any CPU
		Release|Any CPU = Release|Any CPU
	EndGlobalSection
	GlobalSection(ProjectConfigurationPlatforms) = postSolution
		{E84779A7-7DF7-4CCE-9A1B-9B2C990AC53D}.Debug|Any CPU.ActiveCfg = Debug|Any CPU
		{E84779A7-7DF7-4CCE-9A1B-9B2C990AC53D}.Debug|Any CPU.Build.0 = Debug|Any CPU
		{E84779A7-7DF7-4CCE-9A1B-9B2C990AC53D}.Release|Any CPU.ActiveCfg = Release|Any CPU
		{E84779A7-7DF7-4CCE-9A1B-9B2C990AC53D}.Release|Any CPU.Build.0 = Release|Any CPU
	EndGlobalSection
	GlobalSection(SolutionProperties) = preSolution
		HideSolutionNode = FALSE
	EndGlobalSection
	GlobalSection(ExtensibilityGlobals) = postSolution
		SolutionGuid = {B28646B9-1874-496B-8A8D-998CDEB97325}
	EndGlobalSection
EndGlobal
